
Microsoft Visual Studio Solution File, Format Version 12.00
# Visual Studio Version 16
VisualStudioVersion = 16.0.29102.190
MinimumVisualStudioVersion = 10.0.40219.1
Project("{9A19103F-16F7-4668-BE54-9A1E7A4F7556}") = "Core", "Source\Core\Core.csproj", "{A7E92AD6-6696-40AC-904B-4C7FA9509106}"
EndProject
Project("{9A19103F-16F7-4668-BE54-9A1E7A4F7556}") = "Core.Examples.MsTest", "Source\Core.Examples.MsTest\Core.Examples.MsTest.csproj", "{9CAC8524-6FD8-4CD4-924A-9E7748654207}"
EndProject
Project("{9A19103F-16F7-4668-BE54-9A1E7A4F7556}") = "Mock", "Source\Mock\Mock.csproj", "{E412F59B-73AF-4071-9275-A341595FCD5B}"
EndProject
Project("{9A19103F-16F7-4668-BE54-9A1E7A4F7556}") = "Mock.Examples.MsTest", "Source\Mock.Examples.MsTest\Mock.Examples.MsTest.csproj", "{D5D202EB-D9A1-47A7-9844-70BD649D7E4C}"
EndProject
Project("{9A19103F-16F7-4668-BE54-9A1E7A4F7556}") = "JSon", "Source\JSon\JSon.csproj", "{4D4EC696-9F1E-473F-9A92-06A95E835C59}"
EndProject
Project("{9A19103F-16F7-4668-BE54-9A1E7A4F7556}") = "Json.Examples.MsTest", "Source\Json.Examples.MsTest\Json.Examples.MsTest.csproj", "{942EE5B3-463C-4B00-9246-09CB55D136CD}"
EndProject
Project("{2150E333-8FDC-42A3-9474-1A3956D46DE8}") = "Build", "Build", "{62FABEA8-7550-483D-839C-C0D50444D674}"
	ProjectSection(SolutionItems) = preProject
		..\appveyor.yml = ..\appveyor.yml
		Build.cmd = Build.cmd
	EndProjectSection
EndProject
Project("{9A19103F-16F7-4668-BE54-9A1E7A4F7556}") = "State.Examples.MsTest", "Source\State.Examples.MsTest\State.Examples.MsTest.csproj", "{A7470C2D-CB2B-4D63-BEE2-835381A29F00}"
EndProject
Project("{9A19103F-16F7-4668-BE54-9A1E7A4F7556}") = "ExampleApp", "Source\ExampleApp\ExampleApp.csproj", "{6E0992FC-C481-49C0-8A03-D36FE95F67C4}"
EndProject
Project("{9A19103F-16F7-4668-BE54-9A1E7A4F7556}") = "MSTest", "Source\MSTest\MSTest.csproj", "{FBEBB99E-BE1E-45AC-94C1-DFBBCEC69E05}"
EndProject
Project("{9A19103F-16F7-4668-BE54-9A1E7A4F7556}") = "MSTest.Examples.MsTest", "Source\MSTest.Examples.MsTest\MSTest.Examples.MsTest.csproj", "{BC15DD45-522D-4086-B7D1-63806896D417}"
EndProject
Project("{2150E333-8FDC-42A3-9474-1A3956D46DE8}") = "Solution Items", "Solution Items", "{67FE6255-20F5-443D-979A-8839C6666C9B}"
	ProjectSection(SolutionItems) = preProject
		..\.editorconfig = ..\.editorconfig
		.gitattributes = .gitattributes
		.gitignore = .gitignore
		LICENSE = LICENSE
		README.md = README.md
	EndProjectSection
EndProject
Project("{2150E333-8FDC-42A3-9474-1A3956D46DE8}") = "LiterateCS", "LiterateCS", "{492CD0A9-8FAC-461E-A1C7-A4ACBE2F0171}"
	ProjectSection(SolutionItems) = preProject
		defaults.yml = defaults.yml
		index.md = index.md
		Introduction.md = Introduction.md
		TOC.yml = TOC.yml
	EndProjectSection
EndProject
Global
	GlobalSection(SolutionConfigurationPlatforms) = preSolution
		Debug|Any CPU = Debug|Any CPU
		Release|Any CPU = Release|Any CPU
	EndGlobalSection
	GlobalSection(ProjectConfigurationPlatforms) = postSolution
		{A7E92AD6-6696-40AC-904B-4C7FA9509106}.Debug|Any CPU.ActiveCfg = Debug|Any CPU
		{A7E92AD6-6696-40AC-904B-4C7FA9509106}.Debug|Any CPU.Build.0 = Debug|Any CPU
		{A7E92AD6-6696-40AC-904B-4C7FA9509106}.Release|Any CPU.ActiveCfg = Release|Any CPU
		{A7E92AD6-6696-40AC-904B-4C7FA9509106}.Release|Any CPU.Build.0 = Release|Any CPU
		{9CAC8524-6FD8-4CD4-924A-9E7748654207}.Debug|Any CPU.ActiveCfg = Debug|Any CPU
		{9CAC8524-6FD8-4CD4-924A-9E7748654207}.Debug|Any CPU.Build.0 = Debug|Any CPU
		{9CAC8524-6FD8-4CD4-924A-9E7748654207}.Release|Any CPU.ActiveCfg = Release|Any CPU
		{9CAC8524-6FD8-4CD4-924A-9E7748654207}.Release|Any CPU.Build.0 = Release|Any CPU
		{E412F59B-73AF-4071-9275-A341595FCD5B}.Debug|Any CPU.ActiveCfg = Debug|Any CPU
		{E412F59B-73AF-4071-9275-A341595FCD5B}.Debug|Any CPU.Build.0 = Debug|Any CPU
		{E412F59B-73AF-4071-9275-A341595FCD5B}.Release|Any CPU.ActiveCfg = Release|Any CPU
		{E412F59B-73AF-4071-9275-A341595FCD5B}.Release|Any CPU.Build.0 = Release|Any CPU
		{D5D202EB-D9A1-47A7-9844-70BD649D7E4C}.Debug|Any CPU.ActiveCfg = Debug|Any CPU
		{D5D202EB-D9A1-47A7-9844-70BD649D7E4C}.Debug|Any CPU.Build.0 = Debug|Any CPU
		{D5D202EB-D9A1-47A7-9844-70BD649D7E4C}.Release|Any CPU.ActiveCfg = Release|Any CPU
		{D5D202EB-D9A1-47A7-9844-70BD649D7E4C}.Release|Any CPU.Build.0 = Release|Any CPU
		{4D4EC696-9F1E-473F-9A92-06A95E835C59}.Debug|Any CPU.ActiveCfg = Debug|Any CPU
		{4D4EC696-9F1E-473F-9A92-06A95E835C59}.Debug|Any CPU.Build.0 = Debug|Any CPU
		{4D4EC696-9F1E-473F-9A92-06A95E835C59}.Release|Any CPU.ActiveCfg = Release|Any CPU
		{4D4EC696-9F1E-473F-9A92-06A95E835C59}.Release|Any CPU.Build.0 = Release|Any CPU
		{942EE5B3-463C-4B00-9246-09CB55D136CD}.Debug|Any CPU.ActiveCfg = Debug|Any CPU
		{942EE5B3-463C-4B00-9246-09CB55D136CD}.Debug|Any CPU.Build.0 = Debug|Any CPU
		{942EE5B3-463C-4B00-9246-09CB55D136CD}.Release|Any CPU.ActiveCfg = Release|Any CPU
		{942EE5B3-463C-4B00-9246-09CB55D136CD}.Release|Any CPU.Build.0 = Release|Any CPU
		{A7470C2D-CB2B-4D63-BEE2-835381A29F00}.Debug|Any CPU.ActiveCfg = Debug|Any CPU
		{A7470C2D-CB2B-4D63-BEE2-835381A29F00}.Debug|Any CPU.Build.0 = Debug|Any CPU
		{A7470C2D-CB2B-4D63-BEE2-835381A29F00}.Release|Any CPU.ActiveCfg = Release|Any CPU
		{A7470C2D-CB2B-4D63-BEE2-835381A29F00}.Release|Any CPU.Build.0 = Release|Any CPU
		{6E0992FC-C481-49C0-8A03-D36FE95F67C4}.Debug|Any CPU.ActiveCfg = Debug|Any CPU
		{6E0992FC-C481-49C0-8A03-D36FE95F67C4}.Debug|Any CPU.Build.0 = Debug|Any CPU
		{6E0992FC-C481-49C0-8A03-D36FE95F67C4}.Release|Any CPU.ActiveCfg = Release|Any CPU
		{6E0992FC-C481-49C0-8A03-D36FE95F67C4}.Release|Any CPU.Build.0 = Release|Any CPU
		{FBEBB99E-BE1E-45AC-94C1-DFBBCEC69E05}.Debug|Any CPU.ActiveCfg = Debug|Any CPU
		{FBEBB99E-BE1E-45AC-94C1-DFBBCEC69E05}.Debug|Any CPU.Build.0 = Debug|Any CPU
		{FBEBB99E-BE1E-45AC-94C1-DFBBCEC69E05}.Release|Any CPU.ActiveCfg = Release|Any CPU
		{FBEBB99E-BE1E-45AC-94C1-DFBBCEC69E05}.Release|Any CPU.Build.0 = Release|Any CPU
		{BC15DD45-522D-4086-B7D1-63806896D417}.Debug|Any CPU.ActiveCfg = Debug|Any CPU
		{BC15DD45-522D-4086-B7D1-63806896D417}.Debug|Any CPU.Build.0 = Debug|Any CPU
		{BC15DD45-522D-4086-B7D1-63806896D417}.Release|Any CPU.ActiveCfg = Release|Any CPU
		{BC15DD45-522D-4086-B7D1-63806896D417}.Release|Any CPU.Build.0 = Release|Any CPU
	EndGlobalSection
	GlobalSection(SolutionProperties) = preSolution
		HideSolutionNode = FALSE
	EndGlobalSection
	GlobalSection(NestedProjects) = preSolution
		{492CD0A9-8FAC-461E-A1C7-A4ACBE2F0171} = {67FE6255-20F5-443D-979A-8839C6666C9B}
	EndGlobalSection
	GlobalSection(ExtensibilityGlobals) = postSolution
		SolutionGuid = {4BE99CA4-8FC3-424D-929B-5C5083450499}
	EndGlobalSection
EndGlobal
