
Microsoft Visual Studio Solution File, Format Version 12.00
# Visual Studio Version 16
VisualStudioVersion = 16.0.29102.190
MinimumVisualStudioVersion = 10.0.40219.1
Project("{9A19103F-16F7-4668-BE54-9A1E7A4F7556}") = "Core", "Source\Core\Core.csproj", "{A7E92AD6-6696-40AC-904B-4C7FA9509106}"
EndProject
Project("{9A19103F-16F7-4668-BE54-9A1E7A4F7556}") = "JSon", "Source\JSon\JSon.csproj", "{4D4EC696-9F1E-473F-9A92-06A95E835C59}"
EndProject
Project("{2150E333-8FDC-42A3-9474-1A3956D46DE8}") = "Build", "Build", "{62FABEA8-7550-483D-839C-C0D50444D674}"
	ProjectSection(SolutionItems) = preProject
		appveyor.yml = appveyor.yml
		Build.cmd = Build.cmd
	EndProjectSection
EndProject
Project("{9A19103F-16F7-4668-BE54-9A1E7A4F7556}") = "MSTest", "Source\MSTest\MSTest.csproj", "{FBEBB99E-BE1E-45AC-94C1-DFBBCEC69E05}"
EndProject
Project("{2150E333-8FDC-42A3-9474-1A3956D46DE8}") = "Solution Items", "Solution Items", "{67FE6255-20F5-443D-979A-8839C6666C9B}"
	ProjectSection(SolutionItems) = preProject
		..\.editorconfig = ..\.editorconfig
		.gitattributes = .gitattributes
		.gitignore = .gitignore
		LicenseApache.md = LicenseApache.md
		README.md = README.md
	EndProjectSection
EndProject
Project("{2150E333-8FDC-42A3-9474-1A3956D46DE8}") = "LiterateCS", "LiterateCS", "{492CD0A9-8FAC-461E-A1C7-A4ACBE2F0171}"
	ProjectSection(SolutionItems) = preProject
		defaults.yml = defaults.yml
		index.md = index.md
		Introduction.md = Introduction.md
		TOC.yml = TOC.yml
	EndProjectSection
EndProject
Project("{9A19103F-16F7-4668-BE54-9A1E7A4F7556}") = "Examples.L0Tests", "Source\Examples.L0Tests\Examples.L0Tests.csproj", "{5641D250-DBDD-41C9-8A08-0E90AE5F3B7F}"
EndProject
Project("{9A19103F-16F7-4668-BE54-9A1E7A4F7556}") = "AspNetCore", "AspNetCore\AspNetCore.csproj", "{DB833AA6-CE03-47C8-A87E-84FF5EFB0AFC}"
EndProject
Project("{9A19103F-16F7-4668-BE54-9A1E7A4F7556}") = "LeanTest.L0Tests", "Source\LeanTest.L0Tests\LeanTest.L0Tests.csproj", "{3249410E-884F-4304-AB2D-48461812A962}"
EndProject
Project("{9A19103F-16F7-4668-BE54-9A1E7A4F7556}") = "Xunit", "Source\xUnit\Xunit.csproj", "{ED4CC4A5-6304-49A8-8113-A763A3F06A9F}"
EndProject
Project("{FAE04EC0-301F-11D3-BF4B-00C04F79EFBC}") = "NetCore", "NetCore\NetCore.csproj", "{843C7AEC-E15F-48B6-A78A-037C660D909B}"
EndProject
Global
	GlobalSection(SolutionConfigurationPlatforms) = preSolution
		Debug|Any CPU = Debug|Any CPU
		Release|Any CPU = Release|Any CPU
	EndGlobalSection
	GlobalSection(ProjectConfigurationPlatforms) = postSolution
		{A7E92AD6-6696-40AC-904B-4C7FA9509106}.Debug|Any CPU.ActiveCfg = Debug|Any CPU
		{A7E92AD6-6696-40AC-904B-4C7FA9509106}.Debug|Any CPU.Build.0 = Debug|Any CPU
		{A7E92AD6-6696-40AC-904B-4C7FA9509106}.Release|Any CPU.ActiveCfg = Release|Any CPU
		{A7E92AD6-6696-40AC-904B-4C7FA9509106}.Release|Any CPU.Build.0 = Release|Any CPU
		{4D4EC696-9F1E-473F-9A92-06A95E835C59}.Debug|Any CPU.ActiveCfg = Debug|Any CPU
		{4D4EC696-9F1E-473F-9A92-06A95E835C59}.Debug|Any CPU.Build.0 = Debug|Any CPU
		{4D4EC696-9F1E-473F-9A92-06A95E835C59}.Release|Any CPU.ActiveCfg = Release|Any CPU
		{4D4EC696-9F1E-473F-9A92-06A95E835C59}.Release|Any CPU.Build.0 = Release|Any CPU
		{FBEBB99E-BE1E-45AC-94C1-DFBBCEC69E05}.Debug|Any CPU.ActiveCfg = Debug|Any CPU
		{FBEBB99E-BE1E-45AC-94C1-DFBBCEC69E05}.Debug|Any CPU.Build.0 = Debug|Any CPU
		{FBEBB99E-BE1E-45AC-94C1-DFBBCEC69E05}.Release|Any CPU.ActiveCfg = Release|Any CPU
		{FBEBB99E-BE1E-45AC-94C1-DFBBCEC69E05}.Release|Any CPU.Build.0 = Release|Any CPU
		{5641D250-DBDD-41C9-8A08-0E90AE5F3B7F}.Debug|Any CPU.ActiveCfg = Debug|Any CPU
		{5641D250-DBDD-41C9-8A08-0E90AE5F3B7F}.Debug|Any CPU.Build.0 = Debug|Any CPU
		{5641D250-DBDD-41C9-8A08-0E90AE5F3B7F}.Release|Any CPU.ActiveCfg = Release|Any CPU
		{5641D250-DBDD-41C9-8A08-0E90AE5F3B7F}.Release|Any CPU.Build.0 = Release|Any CPU
		{DB833AA6-CE03-47C8-A87E-84FF5EFB0AFC}.Debug|Any CPU.ActiveCfg = Debug|Any CPU
		{DB833AA6-CE03-47C8-A87E-84FF5EFB0AFC}.Debug|Any CPU.Build.0 = Debug|Any CPU
		{DB833AA6-CE03-47C8-A87E-84FF5EFB0AFC}.Release|Any CPU.ActiveCfg = Release|Any CPU
		{DB833AA6-CE03-47C8-A87E-84FF5EFB0AFC}.Release|Any CPU.Build.0 = Release|Any CPU
		{3249410E-884F-4304-AB2D-48461812A962}.Debug|Any CPU.ActiveCfg = Debug|Any CPU
		{3249410E-884F-4304-AB2D-48461812A962}.Debug|Any CPU.Build.0 = Debug|Any CPU
		{3249410E-884F-4304-AB2D-48461812A962}.Release|Any CPU.ActiveCfg = Release|Any CPU
		{3249410E-884F-4304-AB2D-48461812A962}.Release|Any CPU.Build.0 = Release|Any CPU
		{ED4CC4A5-6304-49A8-8113-A763A3F06A9F}.Debug|Any CPU.ActiveCfg = Debug|Any CPU
		{ED4CC4A5-6304-49A8-8113-A763A3F06A9F}.Debug|Any CPU.Build.0 = Debug|Any CPU
		{ED4CC4A5-6304-49A8-8113-A763A3F06A9F}.Release|Any CPU.ActiveCfg = Release|Any CPU
		{ED4CC4A5-6304-49A8-8113-A763A3F06A9F}.Release|Any CPU.Build.0 = Release|Any CPU
		{843C7AEC-E15F-48B6-A78A-037C660D909B}.Debug|Any CPU.ActiveCfg = Debug|Any CPU
		{843C7AEC-E15F-48B6-A78A-037C660D909B}.Debug|Any CPU.Build.0 = Debug|Any CPU
		{843C7AEC-E15F-48B6-A78A-037C660D909B}.Release|Any CPU.ActiveCfg = Release|Any CPU
		{843C7AEC-E15F-48B6-A78A-037C660D909B}.Release|Any CPU.Build.0 = Release|Any CPU
	EndGlobalSection
	GlobalSection(SolutionProperties) = preSolution
		HideSolutionNode = FALSE
	EndGlobalSection
	GlobalSection(NestedProjects) = preSolution
		{492CD0A9-8FAC-461E-A1C7-A4ACBE2F0171} = {67FE6255-20F5-443D-979A-8839C6666C9B}
	EndGlobalSection
	GlobalSection(ExtensibilityGlobals) = postSolution
		SolutionGuid = {4BE99CA4-8FC3-424D-929B-5C5083450499}
	EndGlobalSection
EndGlobal
