
Microsoft Visual Studio Solution File, Format Version 12.00
# Visual Studio 15
VisualStudioVersion = 15.0.26430.6
MinimumVisualStudioVersion = 10.0.40219.1
Project("{FAE04EC0-301F-11D3-BF4B-00C04F79EFBC}") = "Core", "Core\Core.csproj", "{A7E92AD6-6696-40AC-904B-4C7FA9509106}"
EndProject
Project("{FAE04EC0-301F-11D3-BF4B-00C04F79EFBC}") = "Core.Examples.MsTest", "Core.Examples.MsTest\Core.Examples.MsTest.csproj", "{9CAC8524-6FD8-4CD4-924A-9E7748654207}"
EndProject
Project("{FAE04EC0-301F-11D3-BF4B-00C04F79EFBC}") = "Mock", "Mock\Mock.csproj", "{E412F59B-73AF-4071-9275-A341595FCD5B}"
EndProject
Project("{FAE04EC0-301F-11D3-BF4B-00C04F79EFBC}") = "Mock.Examples.MsTest", "Mock.Examples.MsTest\Mock.Examples.MsTest.csproj", "{D5D202EB-D9A1-47A7-9844-70BD649D7E4C}"
EndProject
Project("{FAE04EC0-301F-11D3-BF4B-00C04F79EFBC}") = "JSon", "JSon\JSon.csproj", "{4D4EC696-9F1E-473F-9A92-06A95E835C59}"
EndProject
Project("{FAE04EC0-301F-11D3-BF4B-00C04F79EFBC}") = "Json.Examples.MsTest", "Json.Examples.MsTest\Json.Examples.MsTest.csproj", "{942EE5B3-463C-4B00-9246-09CB55D136CD}"
EndProject
Project("{2150E333-8FDC-42A3-9474-1A3956D46DE8}") = "Build", "Build", "{62FABEA8-7550-483D-839C-C0D50444D674}"
	ProjectSection(SolutionItems) = preProject
		..\appveyor.yml = ..\appveyor.yml
		Build.cmd = Build.cmd
	EndProjectSection
EndProject
Global
	GlobalSection(SolutionConfigurationPlatforms) = preSolution
		Debug|Any CPU = Debug|Any CPU
		Release|Any CPU = Release|Any CPU
	EndGlobalSection
	GlobalSection(ProjectConfigurationPlatforms) = postSolution
		{A7E92AD6-6696-40AC-904B-4C7FA9509106}.Debug|Any CPU.ActiveCfg = Debug|Any CPU
		{A7E92AD6-6696-40AC-904B-4C7FA9509106}.Debug|Any CPU.Build.0 = Debug|Any CPU
		{A7E92AD6-6696-40AC-904B-4C7FA9509106}.Release|Any CPU.ActiveCfg = Release|Any CPU
		{A7E92AD6-6696-40AC-904B-4C7FA9509106}.Release|Any CPU.Build.0 = Release|Any CPU
		{9CAC8524-6FD8-4CD4-924A-9E7748654207}.Debug|Any CPU.ActiveCfg = Debug|Any CPU
		{9CAC8524-6FD8-4CD4-924A-9E7748654207}.Debug|Any CPU.Build.0 = Debug|Any CPU
		{9CAC8524-6FD8-4CD4-924A-9E7748654207}.Release|Any CPU.ActiveCfg = Release|Any CPU
		{9CAC8524-6FD8-4CD4-924A-9E7748654207}.Release|Any CPU.Build.0 = Release|Any CPU
		{E412F59B-73AF-4071-9275-A341595FCD5B}.Debug|Any CPU.ActiveCfg = Debug|Any CPU
		{E412F59B-73AF-4071-9275-A341595FCD5B}.Debug|Any CPU.Build.0 = Debug|Any CPU
		{E412F59B-73AF-4071-9275-A341595FCD5B}.Release|Any CPU.ActiveCfg = Release|Any CPU
		{E412F59B-73AF-4071-9275-A341595FCD5B}.Release|Any CPU.Build.0 = Release|Any CPU
		{D5D202EB-D9A1-47A7-9844-70BD649D7E4C}.Debug|Any CPU.ActiveCfg = Debug|Any CPU
		{D5D202EB-D9A1-47A7-9844-70BD649D7E4C}.Debug|Any CPU.Build.0 = Debug|Any CPU
		{D5D202EB-D9A1-47A7-9844-70BD649D7E4C}.Release|Any CPU.ActiveCfg = Release|Any CPU
		{D5D202EB-D9A1-47A7-9844-70BD649D7E4C}.Release|Any CPU.Build.0 = Release|Any CPU
		{4D4EC696-9F1E-473F-9A92-06A95E835C59}.Debug|Any CPU.ActiveCfg = Debug|Any CPU
		{4D4EC696-9F1E-473F-9A92-06A95E835C59}.Debug|Any CPU.Build.0 = Debug|Any CPU
		{4D4EC696-9F1E-473F-9A92-06A95E835C59}.Release|Any CPU.ActiveCfg = Release|Any CPU
		{4D4EC696-9F1E-473F-9A92-06A95E835C59}.Release|Any CPU.Build.0 = Release|Any CPU
		{942EE5B3-463C-4B00-9246-09CB55D136CD}.Debug|Any CPU.ActiveCfg = Debug|Any CPU
		{942EE5B3-463C-4B00-9246-09CB55D136CD}.Debug|Any CPU.Build.0 = Debug|Any CPU
		{942EE5B3-463C-4B00-9246-09CB55D136CD}.Release|Any CPU.ActiveCfg = Release|Any CPU
		{942EE5B3-463C-4B00-9246-09CB55D136CD}.Release|Any CPU.Build.0 = Release|Any CPU
	EndGlobalSection
	GlobalSection(SolutionProperties) = preSolution
		HideSolutionNode = FALSE
	EndGlobalSection
EndGlobal
